
Microsoft Visual Studio Solution File, Format Version 12.00
# Visual Studio Version 17
VisualStudioVersion = 17.3.32901.215
MinimumVisualStudioVersion = 10.0.40219.1
Project("{9A19103F-16F7-4668-BE54-9A1E7A4F7556}") = "AoC", "AoC\AoC.csproj", "{93D451AA-33D1-4687-B2F5-09D69E7DCD0B}"
EndProject
Global
	GlobalSection(SolutionConfigurationPlatforms) = preSolution
		Debug|Any CPU = Debug|Any CPU
		Release|Any CPU = Release|Any CPU
	EndGlobalSection
	GlobalSection(ProjectConfigurationPlatforms) = postSolution
		{93D451AA-33D1-4687-B2F5-09D69E7DCD0B}.Debug|Any CPU.ActiveCfg = Debug|Any CPU
		{93D451AA-33D1-4687-B2F5-09D69E7DCD0B}.Debug|Any CPU.Build.0 = Debug|Any CPU
		{93D451AA-33D1-4687-B2F5-09D69E7DCD0B}.Release|Any CPU.ActiveCfg = Release|Any CPU
		{93D451AA-33D1-4687-B2F5-09D69E7DCD0B}.Release|Any CPU.Build.0 = Release|Any CPU
	EndGlobalSection
	GlobalSection(SolutionProperties) = preSolution
		HideSolutionNode = FALSE
	EndGlobalSection
	GlobalSection(ExtensibilityGlobals) = postSolution
		SolutionGuid = {17410568-92FF-4DDA-83F6-01F243CF1225}
	EndGlobalSection
EndGlobal
